
Microsoft Visual Studio Solution File, Format Version 11.00
# Visual Studio 2010
Project("{FAE04EC0-301F-11D3-BF4B-00C04F79EFBC}") = "3_Project_Boost", "Assembly-CSharp.csproj", "{D61094BA-A915-E32C-6AF8-ECF71816D841}"
EndProject
Global
	GlobalSection(SolutionConfigurationPlatforms) = preSolution
		Debug|Any CPU = Debug|Any CPU
		Release|Any CPU = Release|Any CPU
	EndGlobalSection
	GlobalSection(ProjectConfigurationPlatforms) = postSolution
		{D61094BA-A915-E32C-6AF8-ECF71816D841}.Debug|Any CPU.ActiveCfg = Debug|Any CPU
		{D61094BA-A915-E32C-6AF8-ECF71816D841}.Debug|Any CPU.Build.0 = Debug|Any CPU
		{D61094BA-A915-E32C-6AF8-ECF71816D841}.Release|Any CPU.ActiveCfg = Release|Any CPU
		{D61094BA-A915-E32C-6AF8-ECF71816D841}.Release|Any CPU.Build.0 = Release|Any CPU
	EndGlobalSection
	GlobalSection(SolutionProperties) = preSolution
		HideSolutionNode = FALSE
	EndGlobalSection
	GlobalSection(MonoDevelopProperties) = preSolution
		StartupItem = Assembly-CSharp.csproj
	EndGlobalSection
EndGlobal
